// !$*UTF8*$!
{
	archiveVersion = 1;
	classes = {
	};
	objectVersion = 56;
	objects = {

/* Begin PBXBuildFile section */
		1840777E2C4DDC9D00BFD21B /* MainTabView.swift in Sources */ = {isa = PBXBuildFile; fileRef = 1840777D2C4DDC9D00BFD21B /* MainTabView.swift */; };
		184077802C4DE30E00BFD21B /* UpdatesTabScreen.swift in Sources */ = {isa = PBXBuildFile; fileRef = 1840777F2C4DE30E00BFD21B /* UpdatesTabScreen.swift */; };
		184077822C4E025E00BFD21B /* CallsTabScreen.swift in Sources */ = {isa = PBXBuildFile; fileRef = 184077812C4E025E00BFD21B /* CallsTabScreen.swift */; };
		1840778D2C4E0BBC00BFD21B /* CommunityTabScreen.swift in Sources */ = {isa = PBXBuildFile; fileRef = 1840778C2C4E0BBC00BFD21B /* CommunityTabScreen.swift */; };
		18B61AE32C4E638100D03459 /* ChannelTabScreen.swift in Sources */ = {isa = PBXBuildFile; fileRef = 18B61AE22C4E638100D03459 /* ChannelTabScreen.swift */; };
		18B61AE52C4E6C6F00D03459 /* ChannelItemView.swift in Sources */ = {isa = PBXBuildFile; fileRef = 18B61AE42C4E6C6F00D03459 /* ChannelItemView.swift */; };
		18B61AEA2C4E939500D03459 /* SettingsTabScreen.swift in Sources */ = {isa = PBXBuildFile; fileRef = 18B61AE92C4E939500D03459 /* SettingsTabScreen.swift */; };
		18B61AEC2C4E93F100D03459 /* SettingsItemView.swift in Sources */ = {isa = PBXBuildFile; fileRef = 18B61AEB2C4E93F100D03459 /* SettingsItemView.swift */; };
		18B61AEF2C4E94BA00D03459 /* SettingsItem.swift in Sources */ = {isa = PBXBuildFile; fileRef = 18B61AEE2C4E94BA00D03459 /* SettingsItem.swift */; };
		18B61AF32C4EA11A00D03459 /* ChatRoomScreen.swift in Sources */ = {isa = PBXBuildFile; fileRef = 18B61AF22C4EA11A00D03459 /* ChatRoomScreen.swift */; };
		18B61AF52C4EA2ED00D03459 /* TextInputArea.swift in Sources */ = {isa = PBXBuildFile; fileRef = 18B61AF42C4EA2ED00D03459 /* TextInputArea.swift */; };
		18CC24F82C4D56380011F741 /* Whatsapp_CloneApp.swift in Sources */ = {isa = PBXBuildFile; fileRef = 18CC24F72C4D56380011F741 /* Whatsapp_CloneApp.swift */; };
		18CC24FC2C4D56390011F741 /* Assets.xcassets in Resources */ = {isa = PBXBuildFile; fileRef = 18CC24FB2C4D56390011F741 /* Assets.xcassets */; };
		18CC25002C4D56390011F741 /* Preview Assets.xcassets in Resources */ = {isa = PBXBuildFile; fileRef = 18CC24FF2C4D56390011F741 /* Preview Assets.xcassets */; };
/* End PBXBuildFile section */

/* Begin PBXFileReference section */
		1840777D2C4DDC9D00BFD21B /* MainTabView.swift */ = {isa = PBXFileReference; lastKnownFileType = sourcecode.swift; path = MainTabView.swift; sourceTree = "<group>"; };
		1840777F2C4DE30E00BFD21B /* UpdatesTabScreen.swift */ = {isa = PBXFileReference; lastKnownFileType = sourcecode.swift; path = UpdatesTabScreen.swift; sourceTree = "<group>"; };
		184077812C4E025E00BFD21B /* CallsTabScreen.swift */ = {isa = PBXFileReference; lastKnownFileType = sourcecode.swift; path = CallsTabScreen.swift; sourceTree = "<group>"; };
		1840778C2C4E0BBC00BFD21B /* CommunityTabScreen.swift */ = {isa = PBXFileReference; lastKnownFileType = sourcecode.swift; path = CommunityTabScreen.swift; sourceTree = "<group>"; };
		18B61AE22C4E638100D03459 /* ChannelTabScreen.swift */ = {isa = PBXFileReference; lastKnownFileType = sourcecode.swift; path = ChannelTabScreen.swift; sourceTree = "<group>"; };
		18B61AE42C4E6C6F00D03459 /* ChannelItemView.swift */ = {isa = PBXFileReference; lastKnownFileType = sourcecode.swift; path = ChannelItemView.swift; sourceTree = "<group>"; };
		18B61AE92C4E939500D03459 /* SettingsTabScreen.swift */ = {isa = PBXFileReference; lastKnownFileType = sourcecode.swift; path = SettingsTabScreen.swift; sourceTree = "<group>"; };
		18B61AEB2C4E93F100D03459 /* SettingsItemView.swift */ = {isa = PBXFileReference; lastKnownFileType = sourcecode.swift; path = SettingsItemView.swift; sourceTree = "<group>"; };
		18B61AEE2C4E94BA00D03459 /* SettingsItem.swift */ = {isa = PBXFileReference; lastKnownFileType = sourcecode.swift; path = SettingsItem.swift; sourceTree = "<group>"; };
		18B61AF22C4EA11A00D03459 /* ChatRoomScreen.swift */ = {isa = PBXFileReference; lastKnownFileType = sourcecode.swift; path = ChatRoomScreen.swift; sourceTree = "<group>"; };
		18B61AF42C4EA2ED00D03459 /* TextInputArea.swift */ = {isa = PBXFileReference; lastKnownFileType = sourcecode.swift; path = TextInputArea.swift; sourceTree = "<group>"; };
		18CC24F42C4D56380011F741 /* Whatsapp Clone.app */ = {isa = PBXFileReference; explicitFileType = wrapper.application; includeInIndex = 0; path = "Whatsapp Clone.app"; sourceTree = BUILT_PRODUCTS_DIR; };
		18CC24F72C4D56380011F741 /* Whatsapp_CloneApp.swift */ = {isa = PBXFileReference; lastKnownFileType = sourcecode.swift; path = Whatsapp_CloneApp.swift; sourceTree = "<group>"; };
		18CC24FB2C4D56390011F741 /* Assets.xcassets */ = {isa = PBXFileReference; lastKnownFileType = folder.assetcatalog; path = Assets.xcassets; sourceTree = "<group>"; };
		18CC24FD2C4D56390011F741 /* Whatsapp_Clone.entitlements */ = {isa = PBXFileReference; lastKnownFileType = text.plist.entitlements; path = Whatsapp_Clone.entitlements; sourceTree = "<group>"; };
		18CC24FF2C4D56390011F741 /* Preview Assets.xcassets */ = {isa = PBXFileReference; lastKnownFileType = folder.assetcatalog; path = "Preview Assets.xcassets"; sourceTree = "<group>"; };
/* End PBXFileReference section */

/* Begin PBXFrameworksBuildPhase section */
		18CC24F12C4D56380011F741 /* Frameworks */ = {
			isa = PBXFrameworksBuildPhase;
			buildActionMask = 2147483647;
			files = (
			);
			runOnlyForDeploymentPostprocessing = 0;
		};
/* End PBXFrameworksBuildPhase section */

/* Begin PBXGroup section */
		184077832C4E0B1800BFD21B /* Screens */ = {
			isa = PBXGroup;
			children = (
				18B61AF02C4EA0FD00D03459 /* Chat */,
				1840778A2C4E0B8500BFD21B /* Settings */,
				184077892C4E0B7500BFD21B /* Channels */,
				184077882C4E0B6800BFD21B /* Community */,
				184077862C4E0B5400BFD21B /* Calls */,
				184077842C4E0B3000BFD21B /* Updates */,
			);
			path = Screens;
			sourceTree = "<group>";
		};
		184077842C4E0B3000BFD21B /* Updates */ = {
			isa = PBXGroup;
			children = (
				184077852C4E0B3F00BFD21B /* Views */,
			);
			path = Updates;
			sourceTree = "<group>";
		};
		184077852C4E0B3F00BFD21B /* Views */ = {
			isa = PBXGroup;
			children = (
				1840777F2C4DE30E00BFD21B /* UpdatesTabScreen.swift */,
			);
			path = Views;
			sourceTree = "<group>";
		};
		184077862C4E0B5400BFD21B /* Calls */ = {
			isa = PBXGroup;
			children = (
				184077872C4E0B5C00BFD21B /* Views */,
			);
			path = Calls;
			sourceTree = "<group>";
		};
		184077872C4E0B5C00BFD21B /* Views */ = {
			isa = PBXGroup;
			children = (
				184077812C4E025E00BFD21B /* CallsTabScreen.swift */,
			);
			path = Views;
			sourceTree = "<group>";
		};
		184077882C4E0B6800BFD21B /* Community */ = {
			isa = PBXGroup;
			children = (
				1840778B2C4E0B9F00BFD21B /* Views */,
			);
			path = Community;
			sourceTree = "<group>";
		};
		184077892C4E0B7500BFD21B /* Channels */ = {
			isa = PBXGroup;
			children = (
				18B61AE22C4E638100D03459 /* ChannelTabScreen.swift */,
				18B61AE42C4E6C6F00D03459 /* ChannelItemView.swift */,
			);
			path = Channels;
			sourceTree = "<group>";
		};
		1840778A2C4E0B8500BFD21B /* Settings */ = {
			isa = PBXGroup;
			children = (
				18B61AED2C4E94A700D03459 /* Model */,
				18B61AE62C4E92E900D03459 /* View */,
			);
			path = Settings;
			sourceTree = "<group>";
		};
		1840778B2C4E0B9F00BFD21B /* Views */ = {
			isa = PBXGroup;
			children = (
				1840778C2C4E0BBC00BFD21B /* CommunityTabScreen.swift */,
			);
			path = Views;
			sourceTree = "<group>";
		};
		18B61AE62C4E92E900D03459 /* View */ = {
			isa = PBXGroup;
			children = (
				18B61AE92C4E939500D03459 /* SettingsTabScreen.swift */,
				18B61AEB2C4E93F100D03459 /* SettingsItemView.swift */,
			);
			path = View;
			sourceTree = "<group>";
		};
		18B61AED2C4E94A700D03459 /* Model */ = {
			isa = PBXGroup;
			children = (
				18B61AEE2C4E94BA00D03459 /* SettingsItem.swift */,
			);
			path = Model;
			sourceTree = "<group>";
		};
		18B61AF02C4EA0FD00D03459 /* Chat */ = {
			isa = PBXGroup;
			children = (
				18B61AF12C4EA10700D03459 /* View */,
			);
			path = Chat;
			sourceTree = "<group>";
		};
		18B61AF12C4EA10700D03459 /* View */ = {
			isa = PBXGroup;
			children = (
				18B61AF22C4EA11A00D03459 /* ChatRoomScreen.swift */,
				18B61AF42C4EA2ED00D03459 /* TextInputArea.swift */,
			);
			path = View;
			sourceTree = "<group>";
		};
		18CC24EB2C4D56380011F741 = {
			isa = PBXGroup;
			children = (
				18CC24F62C4D56380011F741 /* Whatsapp Clone */,
				18CC24F52C4D56380011F741 /* Products */,
			);
			sourceTree = "<group>";
		};
		18CC24F52C4D56380011F741 /* Products */ = {
			isa = PBXGroup;
			children = (
				18CC24F42C4D56380011F741 /* Whatsapp Clone.app */,
			);
			name = Products;
			sourceTree = "<group>";
		};
		18CC24F62C4D56380011F741 /* Whatsapp Clone */ = {
			isa = PBXGroup;
			children = (
				184077832C4E0B1800BFD21B /* Screens */,
				18CC24F72C4D56380011F741 /* Whatsapp_CloneApp.swift */,
				18CC24FB2C4D56390011F741 /* Assets.xcassets */,
				18CC24FD2C4D56390011F741 /* Whatsapp_Clone.entitlements */,
				18CC24FE2C4D56390011F741 /* Preview Content */,
				1840777D2C4DDC9D00BFD21B /* MainTabView.swift */,
			);
			path = "Whatsapp Clone";
			sourceTree = "<group>";
		};
		18CC24FE2C4D56390011F741 /* Preview Content */ = {
			isa = PBXGroup;
			children = (
				18CC24FF2C4D56390011F741 /* Preview Assets.xcassets */,
			);
			path = "Preview Content";
			sourceTree = "<group>";
		};
/* End PBXGroup section */

/* Begin PBXNativeTarget section */
		18CC24F32C4D56380011F741 /* Whatsapp Clone */ = {
			isa = PBXNativeTarget;
			buildConfigurationList = 18CC25032C4D56390011F741 /* Build configuration list for PBXNativeTarget "Whatsapp Clone" */;
			buildPhases = (
				18CC24F02C4D56380011F741 /* Sources */,
				18CC24F12C4D56380011F741 /* Frameworks */,
				18CC24F22C4D56380011F741 /* Resources */,
			);
			buildRules = (
			);
			dependencies = (
			);
			name = "Whatsapp Clone";
			productName = "Whatsapp Clone";
			productReference = 18CC24F42C4D56380011F741 /* Whatsapp Clone.app */;
			productType = "com.apple.product-type.application";
		};
/* End PBXNativeTarget section */

/* Begin PBXProject section */
		18CC24EC2C4D56380011F741 /* Project object */ = {
			isa = PBXProject;
			attributes = {
				BuildIndependentTargetsInParallel = 1;
				LastSwiftUpdateCheck = 1540;
				LastUpgradeCheck = 1540;
				TargetAttributes = {
					18CC24F32C4D56380011F741 = {
						CreatedOnToolsVersion = 15.4;
					};
				};
			};
			buildConfigurationList = 18CC24EF2C4D56380011F741 /* Build configuration list for PBXProject "Whatsapp Clone" */;
			compatibilityVersion = "Xcode 14.0";
			developmentRegion = en;
			hasScannedForEncodings = 0;
			knownRegions = (
				en,
				Base,
			);
			mainGroup = 18CC24EB2C4D56380011F741;
			productRefGroup = 18CC24F52C4D56380011F741 /* Products */;
			projectDirPath = "";
			projectRoot = "";
			targets = (
				18CC24F32C4D56380011F741 /* Whatsapp Clone */,
			);
		};
/* End PBXProject section */

/* Begin PBXResourcesBuildPhase section */
		18CC24F22C4D56380011F741 /* Resources */ = {
			isa = PBXResourcesBuildPhase;
			buildActionMask = 2147483647;
			files = (
				18CC25002C4D56390011F741 /* Preview Assets.xcassets in Resources */,
				18CC24FC2C4D56390011F741 /* Assets.xcassets in Resources */,
			);
			runOnlyForDeploymentPostprocessing = 0;
		};
/* End PBXResourcesBuildPhase section */

/* Begin PBXSourcesBuildPhase section */
		18CC24F02C4D56380011F741 /* Sources */ = {
			isa = PBXSourcesBuildPhase;
			buildActionMask = 2147483647;
			files = (
				184077802C4DE30E00BFD21B /* UpdatesTabScreen.swift in Sources */,
				184077822C4E025E00BFD21B /* CallsTabScreen.swift in Sources */,
				18B61AEA2C4E939500D03459 /* SettingsTabScreen.swift in Sources */,
				1840778D2C4E0BBC00BFD21B /* CommunityTabScreen.swift in Sources */,
				18B61AE32C4E638100D03459 /* ChannelTabScreen.swift in Sources */,
				18CC24F82C4D56380011F741 /* Whatsapp_CloneApp.swift in Sources */,
				18B61AF32C4EA11A00D03459 /* ChatRoomScreen.swift in Sources */,
				18B61AEC2C4E93F100D03459 /* SettingsItemView.swift in Sources */,
				18B61AE52C4E6C6F00D03459 /* ChannelItemView.swift in Sources */,
				1840777E2C4DDC9D00BFD21B /* MainTabView.swift in Sources */,
				18B61AEF2C4E94BA00D03459 /* SettingsItem.swift in Sources */,
				18B61AF52C4EA2ED00D03459 /* TextInputArea.swift in Sources */,
			);
			runOnlyForDeploymentPostprocessing = 0;
		};
/* End PBXSourcesBuildPhase section */

/* Begin XCBuildConfiguration section */
		18CC25012C4D56390011F741 /* Debug */ = {
			isa = XCBuildConfiguration;
			buildSettings = {
				ALWAYS_SEARCH_USER_PATHS = NO;
				ASSETCATALOG_COMPILER_GENERATE_SWIFT_ASSET_SYMBOL_EXTENSIONS = YES;
				CLANG_ANALYZER_NONNULL = YES;
				CLANG_ANALYZER_NUMBER_OBJECT_CONVERSION = YES_AGGRESSIVE;
				CLANG_CXX_LANGUAGE_STANDARD = "gnu++20";
				CLANG_ENABLE_MODULES = YES;
				CLANG_ENABLE_OBJC_ARC = YES;
				CLANG_ENABLE_OBJC_WEAK = YES;
				CLANG_WARN_BLOCK_CAPTURE_AUTORELEASING = YES;
				CLANG_WARN_BOOL_CONVERSION = YES;
				CLANG_WARN_COMMA = YES;
				CLANG_WARN_CONSTANT_CONVERSION = YES;
				CLANG_WARN_DEPRECATED_OBJC_IMPLEMENTATIONS = YES;
				CLANG_WARN_DIRECT_OBJC_ISA_USAGE = YES_ERROR;
				CLANG_WARN_DOCUMENTATION_COMMENTS = YES;
				CLANG_WARN_EMPTY_BODY = YES;
				CLANG_WARN_ENUM_CONVERSION = YES;
				CLANG_WARN_INFINITE_RECURSION = YES;
				CLANG_WARN_INT_CONVERSION = YES;
				CLANG_WARN_NON_LITERAL_NULL_CONVERSION = YES;
				CLANG_WARN_OBJC_IMPLICIT_RETAIN_SELF = YES;
				CLANG_WARN_OBJC_LITERAL_CONVERSION = YES;
				CLANG_WARN_OBJC_ROOT_CLASS = YES_ERROR;
				CLANG_WARN_QUOTED_INCLUDE_IN_FRAMEWORK_HEADER = YES;
				CLANG_WARN_RANGE_LOOP_ANALYSIS = YES;
				CLANG_WARN_STRICT_PROTOTYPES = YES;
				CLANG_WARN_SUSPICIOUS_MOVE = YES;
				CLANG_WARN_UNGUARDED_AVAILABILITY = YES_AGGRESSIVE;
				CLANG_WARN_UNREACHABLE_CODE = YES;
				CLANG_WARN__DUPLICATE_METHOD_MATCH = YES;
				COPY_PHASE_STRIP = NO;
				DEBUG_INFORMATION_FORMAT = dwarf;
				ENABLE_STRICT_OBJC_MSGSEND = YES;
				ENABLE_TESTABILITY = YES;
				ENABLE_USER_SCRIPT_SANDBOXING = YES;
				GCC_C_LANGUAGE_STANDARD = gnu17;
				GCC_DYNAMIC_NO_PIC = NO;
				GCC_NO_COMMON_BLOCKS = YES;
				GCC_OPTIMIZATION_LEVEL = 0;
				GCC_PREPROCESSOR_DEFINITIONS = (
					"DEBUG=1",
					"$(inherited)",
				);
				GCC_WARN_64_TO_32_BIT_CONVERSION = YES;
				GCC_WARN_ABOUT_RETURN_TYPE = YES_ERROR;
				GCC_WARN_UNDECLARED_SELECTOR = YES;
				GCC_WARN_UNINITIALIZED_AUTOS = YES_AGGRESSIVE;
				GCC_WARN_UNUSED_FUNCTION = YES;
				GCC_WARN_UNUSED_VARIABLE = YES;
				LOCALIZATION_PREFERS_STRING_CATALOGS = YES;
				MTL_ENABLE_DEBUG_INFO = INCLUDE_SOURCE;
				MTL_FAST_MATH = YES;
				ONLY_ACTIVE_ARCH = YES;
				SWIFT_ACTIVE_COMPILATION_CONDITIONS = "DEBUG $(inherited)";
				SWIFT_OPTIMIZATION_LEVEL = "-Onone";
			};
			name = Debug;
		};
		18CC25022C4D56390011F741 /* Release */ = {
			isa = XCBuildConfiguration;
			buildSettings = {
				ALWAYS_SEARCH_USER_PATHS = NO;
				ASSETCATALOG_COMPILER_GENERATE_SWIFT_ASSET_SYMBOL_EXTENSIONS = YES;
				CLANG_ANALYZER_NONNULL = YES;
				CLANG_ANALYZER_NUMBER_OBJECT_CONVERSION = YES_AGGRESSIVE;
				CLANG_CXX_LANGUAGE_STANDARD = "gnu++20";
				CLANG_ENABLE_MODULES = YES;
				CLANG_ENABLE_OBJC_ARC = YES;
				CLANG_ENABLE_OBJC_WEAK = YES;
				CLANG_WARN_BLOCK_CAPTURE_AUTORELEASING = YES;
				CLANG_WARN_BOOL_CONVERSION = YES;
				CLANG_WARN_COMMA = YES;
				CLANG_WARN_CONSTANT_CONVERSION = YES;
				CLANG_WARN_DEPRECATED_OBJC_IMPLEMENTATIONS = YES;
				CLANG_WARN_DIRECT_OBJC_ISA_USAGE = YES_ERROR;
				CLANG_WARN_DOCUMENTATION_COMMENTS = YES;
				CLANG_WARN_EMPTY_BODY = YES;
				CLANG_WARN_ENUM_CONVERSION = YES;
				CLANG_WARN_INFINITE_RECURSION = YES;
				CLANG_WARN_INT_CONVERSION = YES;
				CLANG_WARN_NON_LITERAL_NULL_CONVERSION = YES;
				CLANG_WARN_OBJC_IMPLICIT_RETAIN_SELF = YES;
				CLANG_WARN_OBJC_LITERAL_CONVERSION = YES;
				CLANG_WARN_OBJC_ROOT_CLASS = YES_ERROR;
				CLANG_WARN_QUOTED_INCLUDE_IN_FRAMEWORK_HEADER = YES;
				CLANG_WARN_RANGE_LOOP_ANALYSIS = YES;
				CLANG_WARN_STRICT_PROTOTYPES = YES;
				CLANG_WARN_SUSPICIOUS_MOVE = YES;
				CLANG_WARN_UNGUARDED_AVAILABILITY = YES_AGGRESSIVE;
				CLANG_WARN_UNREACHABLE_CODE = YES;
				CLANG_WARN__DUPLICATE_METHOD_MATCH = YES;
				COPY_PHASE_STRIP = NO;
				DEBUG_INFORMATION_FORMAT = "dwarf-with-dsym";
				ENABLE_NS_ASSERTIONS = NO;
				ENABLE_STRICT_OBJC_MSGSEND = YES;
				ENABLE_USER_SCRIPT_SANDBOXING = YES;
				GCC_C_LANGUAGE_STANDARD = gnu17;
				GCC_NO_COMMON_BLOCKS = YES;
				GCC_WARN_64_TO_32_BIT_CONVERSION = YES;
				GCC_WARN_ABOUT_RETURN_TYPE = YES_ERROR;
				GCC_WARN_UNDECLARED_SELECTOR = YES;
				GCC_WARN_UNINITIALIZED_AUTOS = YES_AGGRESSIVE;
				GCC_WARN_UNUSED_FUNCTION = YES;
				GCC_WARN_UNUSED_VARIABLE = YES;
				LOCALIZATION_PREFERS_STRING_CATALOGS = YES;
				MTL_ENABLE_DEBUG_INFO = NO;
				MTL_FAST_MATH = YES;
				SWIFT_COMPILATION_MODE = wholemodule;
			};
			name = Release;
		};
		18CC25042C4D56390011F741 /* Debug */ = {
			isa = XCBuildConfiguration;
			buildSettings = {
				ASSETCATALOG_COMPILER_APPICON_NAME = AppIcon;
				ASSETCATALOG_COMPILER_GLOBAL_ACCENT_COLOR_NAME = AccentColor;
				CODE_SIGN_ENTITLEMENTS = "Whatsapp Clone/Whatsapp_Clone.entitlements";
				CODE_SIGN_STYLE = Automatic;
				CURRENT_PROJECT_VERSION = 1;
				DEVELOPMENT_ASSET_PATHS = "\"Whatsapp Clone/Preview Content\"";
				DEVELOPMENT_TEAM = 3GPBYHJALT;
				ENABLE_HARDENED_RUNTIME = YES;
				ENABLE_PREVIEWS = YES;
				GENERATE_INFOPLIST_FILE = YES;
				"INFOPLIST_KEY_UIApplicationSceneManifest_Generation[sdk=iphoneos*]" = YES;
				"INFOPLIST_KEY_UIApplicationSceneManifest_Generation[sdk=iphonesimulator*]" = YES;
				"INFOPLIST_KEY_UIApplicationSupportsIndirectInputEvents[sdk=iphoneos*]" = YES;
				"INFOPLIST_KEY_UIApplicationSupportsIndirectInputEvents[sdk=iphonesimulator*]" = YES;
				"INFOPLIST_KEY_UILaunchScreen_Generation[sdk=iphoneos*]" = YES;
				"INFOPLIST_KEY_UILaunchScreen_Generation[sdk=iphonesimulator*]" = YES;
				"INFOPLIST_KEY_UIStatusBarStyle[sdk=iphoneos*]" = UIStatusBarStyleDefault;
				"INFOPLIST_KEY_UIStatusBarStyle[sdk=iphonesimulator*]" = UIStatusBarStyleDefault;
				INFOPLIST_KEY_UISupportedInterfaceOrientations_iPad = "UIInterfaceOrientationPortrait UIInterfaceOrientationPortraitUpsideDown UIInterfaceOrientationLandscapeLeft UIInterfaceOrientationLandscapeRight";
				INFOPLIST_KEY_UISupportedInterfaceOrientations_iPhone = "UIInterfaceOrientationPortrait UIInterfaceOrientationLandscapeLeft UIInterfaceOrientationLandscapeRight";
				IPHONEOS_DEPLOYMENT_TARGET = 17.5;
				LD_RUNPATH_SEARCH_PATHS = "@executable_path/Frameworks";
				"LD_RUNPATH_SEARCH_PATHS[sdk=macosx*]" = "@executable_path/../Frameworks";
				MACOSX_DEPLOYMENT_TARGET = 14.4;
				MARKETING_VERSION = 1.0;
				PRODUCT_BUNDLE_IDENTIFIER = "test.Whatsapp-Clone";
				PRODUCT_NAME = "$(TARGET_NAME)";
				SDKROOT = auto;
				SUPPORTED_PLATFORMS = "iphoneos iphonesimulator macosx";
				SWIFT_EMIT_LOC_STRINGS = YES;
				SWIFT_VERSION = 5.0;
				TARGETED_DEVICE_FAMILY = "1,2";
			};
			name = Debug;
		};
		18CC25052C4D56390011F741 /* Release */ = {
			isa = XCBuildConfiguration;
			buildSettings = {
				ASSETCATALOG_COMPILER_APPICON_NAME = AppIcon;
				ASSETCATALOG_COMPILER_GLOBAL_ACCENT_COLOR_NAME = AccentColor;
				CODE_SIGN_ENTITLEMENTS = "Whatsapp Clone/Whatsapp_Clone.entitlements";
				CODE_SIGN_STYLE = Automatic;
				CURRENT_PROJECT_VERSION = 1;
				DEVELOPMENT_ASSET_PATHS = "\"Whatsapp Clone/Preview Content\"";
				DEVELOPMENT_TEAM = 3GPBYHJALT;
				ENABLE_HARDENED_RUNTIME = YES;
				ENABLE_PREVIEWS = YES;
				GENERATE_INFOPLIST_FILE = YES;
				"INFOPLIST_KEY_UIApplicationSceneManifest_Generation[sdk=iphoneos*]" = YES;
				"INFOPLIST_KEY_UIApplicationSceneManifest_Generation[sdk=iphonesimulator*]" = YES;
				"INFOPLIST_KEY_UIApplicationSupportsIndirectInputEvents[sdk=iphoneos*]" = YES;
				"INFOPLIST_KEY_UIApplicationSupportsIndirectInputEvents[sdk=iphonesimulator*]" = YES;
				"INFOPLIST_KEY_UILaunchScreen_Generation[sdk=iphoneos*]" = YES;
				"INFOPLIST_KEY_UILaunchScreen_Generation[sdk=iphonesimulator*]" = YES;
				"INFOPLIST_KEY_UIStatusBarStyle[sdk=iphoneos*]" = UIStatusBarStyleDefault;
				"INFOPLIST_KEY_UIStatusBarStyle[sdk=iphonesimulator*]" = UIStatusBarStyleDefault;
				INFOPLIST_KEY_UISupportedInterfaceOrientations_iPad = "UIInterfaceOrientationPortrait UIInterfaceOrientationPortraitUpsideDown UIInterfaceOrientationLandscapeLeft UIInterfaceOrientationLandscapeRight";
				INFOPLIST_KEY_UISupportedInterfaceOrientations_iPhone = "UIInterfaceOrientationPortrait UIInterfaceOrientationLandscapeLeft UIInterfaceOrientationLandscapeRight";
				IPHONEOS_DEPLOYMENT_TARGET = 17.5;
				LD_RUNPATH_SEARCH_PATHS = "@executable_path/Frameworks";
				"LD_RUNPATH_SEARCH_PATHS[sdk=macosx*]" = "@executable_path/../Frameworks";
				MACOSX_DEPLOYMENT_TARGET = 14.4;
				MARKETING_VERSION = 1.0;
				PRODUCT_BUNDLE_IDENTIFIER = "test.Whatsapp-Clone";
				PRODUCT_NAME = "$(TARGET_NAME)";
				SDKROOT = auto;
				SUPPORTED_PLATFORMS = "iphoneos iphonesimulator macosx";
				SWIFT_EMIT_LOC_STRINGS = YES;
				SWIFT_VERSION = 5.0;
				TARGETED_DEVICE_FAMILY = "1,2";
			};
			name = Release;
		};
/* End XCBuildConfiguration section */

/* Begin XCConfigurationList section */
		18CC24EF2C4D56380011F741 /* Build configuration list for PBXProject "Whatsapp Clone" */ = {
			isa = XCConfigurationList;
			buildConfigurations = (
				18CC25012C4D56390011F741 /* Debug */,
				18CC25022C4D56390011F741 /* Release */,
			);
			defaultConfigurationIsVisible = 0;
			defaultConfigurationName = Release;
		};
		18CC25032C4D56390011F741 /* Build configuration list for PBXNativeTarget "Whatsapp Clone" */ = {
			isa = XCConfigurationList;
			buildConfigurations = (
				18CC25042C4D56390011F741 /* Debug */,
				18CC25052C4D56390011F741 /* Release */,
			);
			defaultConfigurationIsVisible = 0;
			defaultConfigurationName = Release;
		};
/* End XCConfigurationList section */
	};
	rootObject = 18CC24EC2C4D56380011F741 /* Project object */;
}
